
Microsoft Visual Studio Solution File, Format Version 12.00
# Visual Studio Version 16
VisualStudioVersion = 16.0.30011.22
MinimumVisualStudioVersion = 10.0.40219.1
Project("{FAE04EC0-301F-11D3-BF4B-00C04F79EFBC}") = "CertificateUpdater", "CertificateUpdater\CertificateUpdater.csproj", "{1F637E05-1EDB-4B91-86FD-2AECD4B32D6B}"
EndProject
Global
	GlobalSection(SolutionConfigurationPlatforms) = preSolution
		Debug|Any CPU = Debug|Any CPU
		Release|Any CPU = Release|Any CPU
	EndGlobalSection
	GlobalSection(ProjectConfigurationPlatforms) = postSolution
		{1F637E05-1EDB-4B91-86FD-2AECD4B32D6B}.Debug|Any CPU.ActiveCfg = Debug|Any CPU
		{1F637E05-1EDB-4B91-86FD-2AECD4B32D6B}.Debug|Any CPU.Build.0 = Debug|Any CPU
		{1F637E05-1EDB-4B91-86FD-2AECD4B32D6B}.Release|Any CPU.ActiveCfg = Release|Any CPU
		{1F637E05-1EDB-4B91-86FD-2AECD4B32D6B}.Release|Any CPU.Build.0 = Release|Any CPU
	EndGlobalSection
	GlobalSection(SolutionProperties) = preSolution
		HideSolutionNode = FALSE
	EndGlobalSection
	GlobalSection(ExtensibilityGlobals) = postSolution
		SolutionGuid = {2C991BA7-0FDF-44A5-A6D1-14BA5A6B25C8}
	EndGlobalSection
EndGlobal
