{
  "version": 1,
  "dependencies": {
    ".NETFramework,Version=v4.8": {
      "DarkNet": {
        "type": "Direct",
        "requested": "[2.2.0-SNAPSHOT2, )",
        "resolved": "2.2.0-SNAPSHOT2",
        "contentHash": "6KcMuvhw6cigHJRUqfcIVSRRcabYzIiRbk3LK9XqkGsExKJK9HZ4ZM+zHyLANFo2tNb7kE2s2/hS0iWSe4rrcQ=="
      },
      "ILRepack.Lib.MSBuild.Task": {
        "type": "Direct",
        "requested": "[2.0.18.2, )",
        "resolved": "2.0.18.2",
        "contentHash": "lreK19MMDA/ekeqjLY4w171cG7+pHwjeTMHMNq6tghuhTOIOfHT+b/LTMj5jpfbJoR7J6AMD3yOYZoyY/2wtJA=="
      },
      "Microsoft.Management.Infrastructure": {
        "type": "Direct",
        "requested": "[2.0.0, )",
        "resolved": "2.0.0",
        "contentHash": "IaKZRNBBv3sdrmBWd+aqwHq8cVHk/3WgWFAN/dt40MRY9rbtHiDfTTmaEN0tGTmQqGCGDo/ncntA8MvFMvcsRw==",
        "dependencies": {
          "Microsoft.Management.Infrastructure.Runtime.Unix": "2.0.0",
          "Microsoft.Management.Infrastructure.Runtime.Win": "2.0.0"
        }
      },
      "Prism.DryIoc": {
        "type": "Direct",
        "requested": "[8.1.97, )",
        "resolved": "8.1.97",
        "contentHash": "8hdeAoZ+x1eBNIg+nMzox01uGUR4HnbCCR1iClNKwDfCWQ4ZtjEjsyeTXHcXKtG45xXqiERmJVew5tJmCdVPWw==",
        "dependencies": {
          "DryIoc.dll": "4.7.7",
          "Prism.Wpf": "8.1.97"
        }
      },
      "DryIoc.dll": {
        "type": "Transitive",
        "resolved": "4.7.7",
        "contentHash": "GC2JdW0mN3wTcbcteP7LWwfU1eao0If/vMozCXSbcNZbHQD7kBjcKFO82g0OLssr7gGPWS4+vWpNZ1oOy54JKw=="
      },
      "Microsoft.Management.Infrastructure.Runtime.Unix": {
        "type": "Transitive",
        "resolved": "2.0.0",
        "contentHash": "p0lslMX5bdWLxO2P7ao+rjAMOB0LEwPYpzvdCQ2OEYgX2NxFpQ8ILvqPGnYlTAb53rT8gu5DyIol1HboHFYfxQ=="
      },
      "Microsoft.Management.Infrastructure.Runtime.Win": {
        "type": "Transitive",
        "resolved": "2.0.0",
        "contentHash": "vjBWQeDOjgernkrOdbEgn7M70SF7hof7ORdKPSlL06Uc15+oYdth5dZju9KsgUoti/cwnkZTiwtDx/lRtay0sA=="
      },
      "Microsoft.Xaml.Behaviors.Wpf": {
        "type": "Transitive",
        "resolved": "1.1.31",
        "contentHash": "LZpuf82ACZWldmfMuv3CTUMDh3o0xo0uHUaybR5HgqVLDBJJ9RZLykplQ/bTJd0/VDt3EhD4iDgUgbdIUAM+Kg=="
      },
      "Prism.Core": {
        "type": "Transitive",
        "resolved": "8.1.97",
        "contentHash": "EP5zrvWddw3eSq25Y7hHnDYdmLZEC2Z/gMrvmHzUuLbitmA1UaS7wQUlSwNr9Km8lzJNCvytFnaGBEFukHgoHg=="
      },
      "Prism.Wpf": {
        "type": "Transitive",
        "resolved": "8.1.97",
        "contentHash": "ZEa6S1mK35h8/blyb0uR0ed3wkpHtPdhB4eniXINJnTiJMWlGl/As6SVlFFdOPD+qsEdWNYV3xgyQD/ue5cvBA==",
        "dependencies": {
          "Microsoft.Xaml.Behaviors.Wpf": "1.1.31",
          "Prism.Core": "8.1.97"
        }
      }
    },
    ".NETFramework,Version=v4.8/win": {
      "Microsoft.Management.Infrastructure.Runtime.Unix": {
        "type": "Transitive",
        "resolved": "2.0.0",
        "contentHash": "p0lslMX5bdWLxO2P7ao+rjAMOB0LEwPYpzvdCQ2OEYgX2NxFpQ8ILvqPGnYlTAb53rT8gu5DyIol1HboHFYfxQ=="
      },
      "Microsoft.Management.Infrastructure.Runtime.Win": {
        "type": "Transitive",
        "resolved": "2.0.0",
        "contentHash": "vjBWQeDOjgernkrOdbEgn7M70SF7hof7ORdKPSlL06Uc15+oYdth5dZju9KsgUoti/cwnkZTiwtDx/lRtay0sA=="
      }
    },
    ".NETFramework,Version=v4.8/win-x64": {
      "Microsoft.Management.Infrastructure.Runtime.Unix": {
        "type": "Transitive",
        "resolved": "2.0.0",
        "contentHash": "p0lslMX5bdWLxO2P7ao+rjAMOB0LEwPYpzvdCQ2OEYgX2NxFpQ8ILvqPGnYlTAb53rT8gu5DyIol1HboHFYfxQ=="
      },
      "Microsoft.Management.Infrastructure.Runtime.Win": {
        "type": "Transitive",
        "resolved": "2.0.0",
        "contentHash": "vjBWQeDOjgernkrOdbEgn7M70SF7hof7ORdKPSlL06Uc15+oYdth5dZju9KsgUoti/cwnkZTiwtDx/lRtay0sA=="
      }
    },
    ".NETFramework,Version=v4.8/win-x86": {
      "Microsoft.Management.Infrastructure.Runtime.Unix": {
        "type": "Transitive",
        "resolved": "2.0.0",
        "contentHash": "p0lslMX5bdWLxO2P7ao+rjAMOB0LEwPYpzvdCQ2OEYgX2NxFpQ8ILvqPGnYlTAb53rT8gu5DyIol1HboHFYfxQ=="
      },
      "Microsoft.Management.Infrastructure.Runtime.Win": {
        "type": "Transitive",
        "resolved": "2.0.0",
        "contentHash": "vjBWQeDOjgernkrOdbEgn7M70SF7hof7ORdKPSlL06Uc15+oYdth5dZju9KsgUoti/cwnkZTiwtDx/lRtay0sA=="
      }
    }
  }
}